{
	"name": "blog-with-astro-golang",
	"lockfileVersion": 3,
	"requires": true,
	"packages": {
		"": {
			"dependencies": {
				"@toast-ui/react-editor": "^3.2.3"
			}
		},
		"node_modules/@toast-ui/editor": {
			"version": "3.2.2",
			"resolved": "https://registry.npmjs.org/@toast-ui/editor/-/editor-3.2.2.tgz",
			"integrity": "sha512-ASX7LFjN2ZYQJrwmkUajPs7DRr9FsM1+RQ82CfTO0Y5ZXorBk1VZS4C2Dpxinx9kl55V4F8/A2h2QF4QMDtRbA==",
			"dependencies": {
				"dompurify": "^2.3.3",
				"prosemirror-commands": "^1.1.9",
				"prosemirror-history": "^1.1.3",
				"prosemirror-inputrules": "^1.1.3",
				"prosemirror-keymap": "^1.1.4",
				"prosemirror-model": "^1.14.1",
				"prosemirror-state": "^1.3.4",
				"prosemirror-view": "^1.18.7"
			}
		},
		"node_modules/@toast-ui/react-editor": {
			"version": "3.2.3",
			"resolved": "https://registry.npmjs.org/@toast-ui/react-editor/-/react-editor-3.2.3.tgz",
			"integrity": "sha512-86QdgiOkBeSwRBEUWRKsTpnm6yu5j9HNJ3EfQN8EGcd7kI8k8AhExXyUJ3NNgNTzN7FfSKMw+1VaCDDC+aZ3dw==",
			"dependencies": {
				"@toast-ui/editor": "^3.2.2"
			},
			"peerDependencies": {
				"react": "^17.0.1"
			}
		},
		"node_modules/dompurify": {
			"version": "2.4.7",
			"resolved": "https://registry.npmjs.org/dompurify/-/dompurify-2.4.7.tgz",
			"integrity": "sha512-kxxKlPEDa6Nc5WJi+qRgPbOAbgTpSULL+vI3NUXsZMlkJxTqYI9wg5ZTay2sFrdZRWHPWNi+EdAhcJf81WtoMQ=="
		},
		"node_modules/js-tokens": {
			"version": "4.0.0",
			"resolved": "https://registry.npmjs.org/js-tokens/-/js-tokens-4.0.0.tgz",
			"integrity": "sha512-RdJUflcE3cUzKiMqQgsCu06FPu9UdIJO0beYbPhHN4k6apgJtifcoCtT9bcxOpYBtpD2kCM6Sbzg4CausW/PKQ==",
			"peer": true
		},
		"node_modules/loose-envify": {
			"version": "1.4.0",
			"resolved": "https://registry.npmjs.org/loose-envify/-/loose-envify-1.4.0.tgz",
			"integrity": "sha512-lyuxPGr/Wfhrlem2CL/UcnUc1zcqKAImBDzukY7Y5F/yQiNdko6+fRLevlw1HgMySw7f611UIY408EtxRSoK3Q==",
			"peer": true,
			"dependencies": {
				"js-tokens": "^3.0.0 || ^4.0.0"
			},
			"bin": {
				"loose-envify": "cli.js"
			}
		},
		"node_modules/object-assign": {
			"version": "4.1.1",
			"resolved": "https://registry.npmjs.org/object-assign/-/object-assign-4.1.1.tgz",
			"integrity": "sha512-rJgTQnkUnH1sFw8yT6VSU3zD3sWmu6sZhIseY8VX+GRu3P6F7Fu+JNDoXfklElbLJSnc3FUQHVe4cU5hj+BcUg==",
			"peer": true,
			"engines": {
				"node": ">=0.10.0"
			}
		},
		"node_modules/orderedmap": {
			"version": "2.1.1",
			"resolved": "https://registry.npmjs.org/orderedmap/-/orderedmap-2.1.1.tgz",
			"integrity": "sha512-TvAWxi0nDe1j/rtMcWcIj94+Ffe6n7zhow33h40SKxmsmozs6dz/e+EajymfoFcHd7sxNn8yHM8839uixMOV6g=="
		},
		"node_modules/prosemirror-commands": {
			"version": "1.5.2",
			"resolved": "https://registry.npmjs.org/prosemirror-commands/-/prosemirror-commands-1.5.2.tgz",
			"integrity": "sha512-hgLcPaakxH8tu6YvVAaILV2tXYsW3rAdDR8WNkeKGcgeMVQg3/TMhPdVoh7iAmfgVjZGtcOSjKiQaoeKjzd2mQ==",
			"dependencies": {
				"prosemirror-model": "^1.0.0",
				"prosemirror-state": "^1.0.0",
				"prosemirror-transform": "^1.0.0"
			}
		},
		"node_modules/prosemirror-history": {
			"version": "1.3.2",
			"resolved": "https://registry.npmjs.org/prosemirror-history/-/prosemirror-history-1.3.2.tgz",
			"integrity": "sha512-/zm0XoU/N/+u7i5zepjmZAEnpvjDtzoPWW6VmKptcAnPadN/SStsBjMImdCEbb3seiNTpveziPTIrXQbHLtU1g==",
			"dependencies": {
				"prosemirror-state": "^1.2.2",
				"prosemirror-transform": "^1.0.0",
				"prosemirror-view": "^1.31.0",
				"rope-sequence": "^1.3.0"
			}
		},
		"node_modules/prosemirror-inputrules": {
			"version": "1.2.1",
			"resolved": "https://registry.npmjs.org/prosemirror-inputrules/-/prosemirror-inputrules-1.2.1.tgz",
			"integrity": "sha512-3LrWJX1+ULRh5SZvbIQlwZafOXqp1XuV21MGBu/i5xsztd+9VD15x6OtN6mdqSFI7/8Y77gYUbQ6vwwJ4mr6QQ==",
			"dependencies": {
				"prosemirror-state": "^1.0.0",
				"prosemirror-transform": "^1.0.0"
			}
		},
		"node_modules/prosemirror-keymap": {
			"version": "1.2.2",
			"resolved": "https://registry.npmjs.org/prosemirror-keymap/-/prosemirror-keymap-1.2.2.tgz",
			"integrity": "sha512-EAlXoksqC6Vbocqc0GtzCruZEzYgrn+iiGnNjsJsH4mrnIGex4qbLdWWNza3AW5W36ZRrlBID0eM6bdKH4OStQ==",
			"dependencies": {
				"prosemirror-state": "^1.0.0",
				"w3c-keyname": "^2.2.0"
			}
		},
		"node_modules/prosemirror-model": {
			"version": "1.19.3",
			"resolved": "https://registry.npmjs.org/prosemirror-model/-/prosemirror-model-1.19.3.tgz",
			"integrity": "sha512-tgSnwN7BS7/UM0sSARcW+IQryx2vODKX4MI7xpqY2X+iaepJdKBPc7I4aACIsDV/LTaTjt12Z56MhDr9LsyuZQ==",
			"dependencies": {
				"orderedmap": "^2.0.0"
			}
		},
		"node_modules/prosemirror-state": {
			"version": "1.4.3",
			"resolved": "https://registry.npmjs.org/prosemirror-state/-/prosemirror-state-1.4.3.tgz",
			"integrity": "sha512-goFKORVbvPuAQaXhpbemJFRKJ2aixr+AZMGiquiqKxaucC6hlpHNZHWgz5R7dS4roHiwq9vDctE//CZ++o0W1Q==",
			"dependencies": {
				"prosemirror-model": "^1.0.0",
				"prosemirror-transform": "^1.0.0",
				"prosemirror-view": "^1.27.0"
			}
		},
		"node_modules/prosemirror-transform": {
			"version": "1.7.5",
			"resolved": "https://registry.npmjs.org/prosemirror-transform/-/prosemirror-transform-1.7.5.tgz",
			"integrity": "sha512-U/fWB6frEzY7dzwJUo+ir8dU1JEanaI/RwL12Imy9js/527N0v/IRUKewocP1kTq998JNT18IGtThaDLwLOBxQ==",
			"dependencies": {
				"prosemirror-model": "^1.0.0"
			}
		},
		"node_modules/prosemirror-view": {
			"version": "1.32.0",
			"resolved": "https://registry.npmjs.org/prosemirror-view/-/prosemirror-view-1.32.0.tgz",
			"integrity": "sha512-HwW7IWgca6ehiW2PA48H/8yl0TakA0Ms5LgN5Krc97oar7GfjIKE/NocUsLe74Jq4mwyWKUNoBljE8WkXKZwng==",
			"dependencies": {
				"prosemirror-model": "^1.16.0",
				"prosemirror-state": "^1.0.0",
				"prosemirror-transform": "^1.1.0"
			}
		},
		"node_modules/react": {
			"version": "17.0.2",
			"resolved": "https://registry.npmjs.org/react/-/react-17.0.2.tgz",
			"integrity": "sha512-gnhPt75i/dq/z3/6q/0asP78D0u592D5L1pd7M8P+dck6Fu/jJeL6iVVK23fptSUZj8Vjf++7wXA8UNclGQcbA==",
			"peer": true,
			"dependencies": {
				"loose-envify": "^1.1.0",
				"object-assign": "^4.1.1"
			},
			"engines": {
				"node": ">=0.10.0"
			}
		},
		"node_modules/rope-sequence": {
			"version": "1.3.4",
			"resolved": "https://registry.npmjs.org/rope-sequence/-/rope-sequence-1.3.4.tgz",
			"integrity": "sha512-UT5EDe2cu2E/6O4igUr5PSFs23nvvukicWHx6GnOPlHAiiYbzNuCRQCuiUdHJQcqKalLKlrYJnjY0ySGsXNQXQ=="
		},
		"node_modules/w3c-keyname": {
			"version": "2.2.8",
			"resolved": "https://registry.npmjs.org/w3c-keyname/-/w3c-keyname-2.2.8.tgz",
			"integrity": "sha512-dpojBhNsCNN7T82Tm7k26A6G9ML3NkhDsnw9n/eoxSRlVBB4CEtIQ/KTCLI2Fwf3ataSXRhYFkQi3SlnFwPvPQ=="
		}
	}
}
