lockfileVersion: '6.1'

settings:
  autoInstallPeers: true
  excludeLinksFromLockfile: false

dependencies:
  '@toast-ui/react-editor':
    specifier: ^3.2.3
    version: 3.2.3(react@17.0.2)

packages:

  /@toast-ui/editor@3.2.2:
    resolution: {integrity: sha512-ASX7LFjN2ZYQJrwmkUajPs7DRr9FsM1+RQ82CfTO0Y5ZXorBk1VZS4C2Dpxinx9kl55V4F8/A2h2QF4QMDtRbA==}
    dependencies:
      dompurify: 2.4.7
      prosemirror-commands: 1.5.2
      prosemirror-history: 1.3.2
      prosemirror-inputrules: 1.2.1
      prosemirror-keymap: 1.2.2
      prosemirror-model: 1.19.3
      prosemirror-state: 1.4.3
      prosemirror-view: 1.32.0
    dev: false

  /@toast-ui/react-editor@3.2.3(react@17.0.2):
    resolution: {integrity: sha512-86QdgiOkBeSwRBEUWRKsTpnm6yu5j9HNJ3EfQN8EGcd7kI8k8AhExXyUJ3NNgNTzN7FfSKMw+1VaCDDC+aZ3dw==}
    peerDependencies:
      react: ^17.0.1
    dependencies:
      '@toast-ui/editor': 3.2.2
      react: 17.0.2
    dev: false

  /dompurify@2.4.7:
    resolution: {integrity: sha512-kxxKlPEDa6Nc5WJi+qRgPbOAbgTpSULL+vI3NUXsZMlkJxTqYI9wg5ZTay2sFrdZRWHPWNi+EdAhcJf81WtoMQ==}
    dev: false

  /js-tokens@4.0.0:
    resolution: {integrity: sha512-RdJUflcE3cUzKiMqQgsCu06FPu9UdIJO0beYbPhHN4k6apgJtifcoCtT9bcxOpYBtpD2kCM6Sbzg4CausW/PKQ==}
    dev: false

  /loose-envify@1.4.0:
    resolution: {integrity: sha512-lyuxPGr/Wfhrlem2CL/UcnUc1zcqKAImBDzukY7Y5F/yQiNdko6+fRLevlw1HgMySw7f611UIY408EtxRSoK3Q==}
    hasBin: true
    dependencies:
      js-tokens: 4.0.0
    dev: false

  /object-assign@4.1.1:
    resolution: {integrity: sha512-rJgTQnkUnH1sFw8yT6VSU3zD3sWmu6sZhIseY8VX+GRu3P6F7Fu+JNDoXfklElbLJSnc3FUQHVe4cU5hj+BcUg==}
    engines: {node: '>=0.10.0'}
    dev: false

  /orderedmap@2.1.1:
    resolution: {integrity: sha512-TvAWxi0nDe1j/rtMcWcIj94+Ffe6n7zhow33h40SKxmsmozs6dz/e+EajymfoFcHd7sxNn8yHM8839uixMOV6g==}
    dev: false

  /prosemirror-commands@1.5.2:
    resolution: {integrity: sha512-hgLcPaakxH8tu6YvVAaILV2tXYsW3rAdDR8WNkeKGcgeMVQg3/TMhPdVoh7iAmfgVjZGtcOSjKiQaoeKjzd2mQ==}
    dependencies:
      prosemirror-model: 1.19.3
      prosemirror-state: 1.4.3
      prosemirror-transform: 1.7.5
    dev: false

  /prosemirror-history@1.3.2:
    resolution: {integrity: sha512-/zm0XoU/N/+u7i5zepjmZAEnpvjDtzoPWW6VmKptcAnPadN/SStsBjMImdCEbb3seiNTpveziPTIrXQbHLtU1g==}
    dependencies:
      prosemirror-state: 1.4.3
      prosemirror-transform: 1.7.5
      prosemirror-view: 1.32.0
      rope-sequence: 1.3.4
    dev: false

  /prosemirror-inputrules@1.2.1:
    resolution: {integrity: sha512-3LrWJX1+ULRh5SZvbIQlwZafOXqp1XuV21MGBu/i5xsztd+9VD15x6OtN6mdqSFI7/8Y77gYUbQ6vwwJ4mr6QQ==}
    dependencies:
      prosemirror-state: 1.4.3
      prosemirror-transform: 1.7.5
    dev: false

  /prosemirror-keymap@1.2.2:
    resolution: {integrity: sha512-EAlXoksqC6Vbocqc0GtzCruZEzYgrn+iiGnNjsJsH4mrnIGex4qbLdWWNza3AW5W36ZRrlBID0eM6bdKH4OStQ==}
    dependencies:
      prosemirror-state: 1.4.3
      w3c-keyname: 2.2.8
    dev: false

  /prosemirror-model@1.19.3:
    resolution: {integrity: sha512-tgSnwN7BS7/UM0sSARcW+IQryx2vODKX4MI7xpqY2X+iaepJdKBPc7I4aACIsDV/LTaTjt12Z56MhDr9LsyuZQ==}
    dependencies:
      orderedmap: 2.1.1
    dev: false

  /prosemirror-state@1.4.3:
    resolution: {integrity: sha512-goFKORVbvPuAQaXhpbemJFRKJ2aixr+AZMGiquiqKxaucC6hlpHNZHWgz5R7dS4roHiwq9vDctE//CZ++o0W1Q==}
    dependencies:
      prosemirror-model: 1.19.3
      prosemirror-transform: 1.7.5
      prosemirror-view: 1.32.0
    dev: false

  /prosemirror-transform@1.7.5:
    resolution: {integrity: sha512-U/fWB6frEzY7dzwJUo+ir8dU1JEanaI/RwL12Imy9js/527N0v/IRUKewocP1kTq998JNT18IGtThaDLwLOBxQ==}
    dependencies:
      prosemirror-model: 1.19.3
    dev: false

  /prosemirror-view@1.32.0:
    resolution: {integrity: sha512-HwW7IWgca6ehiW2PA48H/8yl0TakA0Ms5LgN5Krc97oar7GfjIKE/NocUsLe74Jq4mwyWKUNoBljE8WkXKZwng==}
    dependencies:
      prosemirror-model: 1.19.3
      prosemirror-state: 1.4.3
      prosemirror-transform: 1.7.5
    dev: false

  /react@17.0.2:
    resolution: {integrity: sha512-gnhPt75i/dq/z3/6q/0asP78D0u592D5L1pd7M8P+dck6Fu/jJeL6iVVK23fptSUZj8Vjf++7wXA8UNclGQcbA==}
    engines: {node: '>=0.10.0'}
    dependencies:
      loose-envify: 1.4.0
      object-assign: 4.1.1
    dev: false

  /rope-sequence@1.3.4:
    resolution: {integrity: sha512-UT5EDe2cu2E/6O4igUr5PSFs23nvvukicWHx6GnOPlHAiiYbzNuCRQCuiUdHJQcqKalLKlrYJnjY0ySGsXNQXQ==}
    dev: false

  /w3c-keyname@2.2.8:
    resolution: {integrity: sha512-dpojBhNsCNN7T82Tm7k26A6G9ML3NkhDsnw9n/eoxSRlVBB4CEtIQ/KTCLI2Fwf3ataSXRhYFkQi3SlnFwPvPQ==}
    dev: false
